{
  "lockfileVersion": 1,
  "workspaces": {
    "": {
      "name": "moq-dev-js-client",
      "dependencies": {
        "@moq/lite": "0.1.3",
        "@moq/web-transport": "0.0.4",
      },
      "devDependencies": {
        "@biomejs/biome": "latest",
        "@types/bun": "^1.3.9",
      },
    },
  },
  "packages": {
    "@biomejs/biome": ["@biomejs/biome@2.3.14", "", { "optionalDependencies": { "@biomejs/cli-darwin-arm64": "2.3.14", "@biomejs/cli-darwin-x64": "2.3.14", "@biomejs/cli-linux-arm64": "2.3.14", "@biomejs/cli-linux-arm64-musl": "2.3.14", "@biomejs/cli-linux-x64": "2.3.14", "@biomejs/cli-linux-x64-musl": "2.3.14", "@biomejs/cli-win32-arm64": "2.3.14", "@biomejs/cli-win32-x64": "2.3.14" }, "bin": { "biome": "bin/biome" } }, "sha512-QMT6QviX0WqXJCaiqVMiBUCr5WRQ1iFSjvOLoTk6auKukJMvnMzWucXpwZB0e8F00/1/BsS9DzcKgWH+CLqVuA=="],

    "@biomejs/cli-darwin-arm64": ["@biomejs/cli-darwin-arm64@2.3.14", "", { "os": "darwin", "cpu": "arm64" }, "sha512-UJGPpvWJMkLxSRtpCAKfKh41Q4JJXisvxZL8ChN1eNW3m/WlPFJ6EFDCE7YfUb4XS8ZFi3C1dFpxUJ0Ety5n+A=="],

    "@biomejs/cli-darwin-x64": ["@biomejs/cli-darwin-x64@2.3.14", "", { "os": "darwin", "cpu": "x64" }, "sha512-PNkLNQG6RLo8lG7QoWe/hhnMxJIt1tEimoXpGQjwS/dkdNiKBLPv4RpeQl8o3s1OKI3ZOR5XPiYtmbGGHAOnLA=="],

    "@biomejs/cli-linux-arm64": ["@biomejs/cli-linux-arm64@2.3.14", "", { "os": "linux", "cpu": "arm64" }, "sha512-KT67FKfzIw6DNnUNdYlBg+eU24Go3n75GWK6NwU4+yJmDYFe9i/MjiI+U/iEzKvo0g7G7MZqoyrhIYuND2w8QQ=="],

    "@biomejs/cli-linux-arm64-musl": ["@biomejs/cli-linux-arm64-musl@2.3.14", "", { "os": "linux", "cpu": "arm64" }, "sha512-LInRbXhYujtL3sH2TMCH/UBwJZsoGwfQjBrMfl84CD4hL/41C/EU5mldqf1yoFpsI0iPWuU83U+nB2TUUypWeg=="],

    "@biomejs/cli-linux-x64": ["@biomejs/cli-linux-x64@2.3.14", "", { "os": "linux", "cpu": "x64" }, "sha512-ZsZzQsl9U+wxFrGGS4f6UxREUlgHwmEfu1IrXlgNFrNnd5Th6lIJr8KmSzu/+meSa9f4rzFrbEW9LBBA6ScoMA=="],

    "@biomejs/cli-linux-x64-musl": ["@biomejs/cli-linux-x64-musl@2.3.14", "", { "os": "linux", "cpu": "x64" }, "sha512-KQU7EkbBBuHPW3/rAcoiVmhlPtDSGOGRPv9js7qJVpYTzjQmVR+C9Rfcz+ti8YCH+zT1J52tuBybtP4IodjxZQ=="],

    "@biomejs/cli-win32-arm64": ["@biomejs/cli-win32-arm64@2.3.14", "", { "os": "win32", "cpu": "arm64" }, "sha512-+IKYkj/pUBbnRf1G1+RlyA3LWiDgra1xpS7H2g4BuOzzRbRB+hmlw0yFsLprHhbbt7jUzbzAbAjK/Pn0FDnh1A=="],

    "@biomejs/cli-win32-x64": ["@biomejs/cli-win32-x64@2.3.14", "", { "os": "win32", "cpu": "x64" }, "sha512-oizCjdyQ3WJEswpb3Chdngeat56rIdSYK12JI3iI11Mt5T5EXcZ7WLuowzEaFPNJ3zmOQFliMN8QY1Pi+qsfdQ=="],

    "@moq/lite": ["@moq/lite@0.1.3", "", { "dependencies": { "@moq/signals": "^0.1.2", "@moq/web-transport-ws": "^0.1.2", "async-mutex": "^0.5.0" }, "peerDependencies": { "zod": "^4.1.0" } }, "sha512-yvjtpPO6MWJqXVGhKnr7i/aFO2kbz2IVdACfuJuQYjZyCWQ44OpDrCnUfz6VsioxLGAVANLXDqct8gInmFA/sQ=="],

    "@moq/signals": ["@moq/signals@0.1.2", "", { "dependencies": { "dequal": "^2.0.3" }, "peerDependencies": { "@types/react": "^19.1.8", "react": "^19.0.0", "solid-js": "^1.9.7" }, "optionalPeers": ["react", "solid-js"] }, "sha512-mzDk7KvQLSU6ZjZp9jrK2ZRlq07zp+LFZvS6AbKFyEqOxawwsy4tRAPdK9zmFCfIupjqwia42Pq9upo/RgjrMA=="],

    "@moq/web-transport": ["@moq/web-transport@0.0.4", "", { "optionalDependencies": { "@moq/web-transport-darwin-arm64": "0.0.4", "@moq/web-transport-darwin-x64": "0.0.4", "@moq/web-transport-linux-arm64-gnu": "0.0.4", "@moq/web-transport-linux-x64-gnu": "0.0.4", "@moq/web-transport-win32-x64-msvc": "0.0.4" } }, "sha512-vmDf3pCDlyWgWYOfzLWuOylPZW53vDQEwB1NnKnbmEGbCzFB9xN411zscl7WnvRlQRRfvFilDMggcRail28qZg=="],

    "@moq/web-transport-darwin-arm64": ["@moq/web-transport-darwin-arm64@0.0.4", "", { "os": "darwin", "cpu": "arm64" }, "sha512-mMuLABJcdpvynfn3r5mRetHOfkKUzBCqH6GFTam0TB2R48mtqrKnZzFCudF7n8R5EHyNqpHve9dTZ2ytZy3X/Q=="],

    "@moq/web-transport-darwin-x64": ["@moq/web-transport-darwin-x64@0.0.4", "", { "os": "darwin", "cpu": "x64" }, "sha512-46FGhCQQIDGSKZss2BEozrvFu/sLsSOfhVQMMZUY8kqTdneYMRww0v6Vp98UtKwbBVNjlHASJuuxMmsAG9A7Nw=="],

    "@moq/web-transport-linux-arm64-gnu": ["@moq/web-transport-linux-arm64-gnu@0.0.4", "", { "os": "linux", "cpu": "arm64" }, "sha512-Lx4f3zTu8r3+Kwmy50PIHNyfFZTTm1nbiel3YXKlGIyPrXsqPZJBs9hOCJ1M09gVvYX9FZzkBs9XA9wMI1eogw=="],

    "@moq/web-transport-linux-x64-gnu": ["@moq/web-transport-linux-x64-gnu@0.0.4", "", { "os": "linux", "cpu": "x64" }, "sha512-fdBRedIfDL7k8aLWbCI9lNDKmoYqtGSF0Tg+SWWtJUqkigYw6zhp4JiiFXFXVfB758xxEsdUGO5i+gQJDK90Gw=="],

    "@moq/web-transport-win32-x64-msvc": ["@moq/web-transport-win32-x64-msvc@0.0.4", "", { "os": "win32", "cpu": "x64" }, "sha512-b1RT3vI8S3jC8gTLJv96KeVkHUFQDe/LOoaVSQmJy7JO6Q1EiMEnUrJb32uAVVFx2tJWUBlm9T5mm/dETVFoqg=="],

    "@moq/web-transport-ws": ["@moq/web-transport-ws@0.1.2", "", {}, "sha512-mYha+AkLNPT3uOGnTA5YWjpxc9LO/yriFSoWzKkR0zN3UMZb9RXbsD8Gbhg1pJZod6QD4tevHoOWTBADYN7yAQ=="],

    "@types/bun": ["@types/bun@1.3.9", "", { "dependencies": { "bun-types": "1.3.9" } }, "sha512-KQ571yULOdWJiMH+RIWIOZ7B2RXQGpL1YQrBtLIV3FqDcCu6FsbFUBwhdKUlCKUpS3PJDsHlJ1QKlpxoVR+xtw=="],

    "@types/node": ["@types/node@25.2.3", "", { "dependencies": { "undici-types": "~7.16.0" } }, "sha512-m0jEgYlYz+mDJZ2+F4v8D1AyQb+QzsNqRuI7xg1VQX/KlKS0qT9r1Mo16yo5F/MtifXFgaofIFsdFMox2SxIbQ=="],

    "@types/react": ["@types/react@19.2.14", "", { "dependencies": { "csstype": "^3.2.2" } }, "sha512-ilcTH/UniCkMdtexkoCN0bI7pMcJDvmQFPvuPvmEaYA/NSfFTAgdUSLAoVjaRJm7+6PvcM+q1zYOwS4wTYMF9w=="],

    "async-mutex": ["async-mutex@0.5.0", "", { "dependencies": { "tslib": "^2.4.0" } }, "sha512-1A94B18jkJ3DYq284ohPxoXbfTA5HsQ7/Mf4DEhcyLx3Bz27Rh59iScbB6EPiP+B+joue6YCxcMXSbFC1tZKwA=="],

    "bun-types": ["bun-types@1.3.9", "", { "dependencies": { "@types/node": "*" } }, "sha512-+UBWWOakIP4Tswh0Bt0QD0alpTY8cb5hvgiYeWCMet9YukHbzuruIEeXC2D7nMJPB12kbh8C7XJykSexEqGKJg=="],

    "csstype": ["csstype@3.2.3", "", {}, "sha512-z1HGKcYy2xA8AGQfwrn0PAy+PB7X/GSj3UVJW9qKyn43xWa+gl5nXmU4qqLMRzWVLFC8KusUX8T/0kCiOYpAIQ=="],

    "dequal": ["dequal@2.0.3", "", {}, "sha512-0je+qPKHEMohvfRTCEo3CrPG6cAzAYgmzKyxRiYSSDkS6eGJdyVJm7WaYA5ECaAD9wLB2T4EEeymA5aFVcYXCA=="],

    "tslib": ["tslib@2.8.1", "", {}, "sha512-oJFu94HQb+KVduSUQL7wnpmqnfmLsOA/nAh6b6EH0wCEoK0/mPeXU6c3wKDV83MkOuHPRHtSXKKU99IBazS/2w=="],

    "undici-types": ["undici-types@7.16.0", "", {}, "sha512-Zz+aZWSj8LE6zoxD+xrjh4VfkIG8Ya6LvYkZqtUQGJPZjYl53ypCaUwWqo7eI0x66KBGeRo+mlBEkMSeSZ38Nw=="],

    "zod": ["zod@4.3.6", "", {}, "sha512-rftlrkhHZOcjDwkGlnUtZZkvaPHCsDATp4pGpuOOMDaTdDDXF91wuVDJoWoPsKX/3YPQ5fHuF3STjcYyKr+Qhg=="],
  }
}
